
Microsoft Visual Studio Solution File, Format Version 12.00
# Visual Studio Version 16
VisualStudioVersion = 16.0.29609.76
MinimumVisualStudioVersion = 10.0.40219.1
Project("{9A19103F-16F7-4668-BE54-9A1E7A4F7556}") = "SistemaGerencialAcademia", "SistemaGerencialAcademia\SistemaGerencialAcademia.csproj", "{C055E26F-1B7F-4588-BE0F-1038F60B1839}"
EndProject
Project("{9A19103F-16F7-4668-BE54-9A1E7A4F7556}") = "SistemaGerencialAcademia.Dominio", "SistemaGerencialAcademia.Dominio\SistemaGerencialAcademia.Dominio.csproj", "{6964B321-A5F2-4E89-8AE6-D2FC2C139FC8}"
EndProject
Project("{9A19103F-16F7-4668-BE54-9A1E7A4F7556}") = "SistemaGerencialAcademia.CrossCutting", "SistemaGerencialAcademia.CrossCutting\SistemaGerencialAcademia.CrossCutting.csproj", "{8FEE9882-6656-48E6-8F59-721E10170108}"
EndProject
Project("{9A19103F-16F7-4668-BE54-9A1E7A4F7556}") = "SistemaGerencialAcademia.Data", "SistemaGerencialAcademia.Data\SistemaGerencialAcademia.Data.csproj", "{3B083126-DCA7-4970-BFDF-331D69BC33B7}"
EndProject
Project("{FAE04EC0-301F-11D3-BF4B-00C04F79EFBC}") = "SistemaGerencialAcademia.Servicos", "SistemaGerencialAcademia.Servicos\SistemaGerencialAcademia.Servicos.csproj", "{FB56F3BC-509F-487E-840F-6259CC9334AA}"
EndProject
Global
	GlobalSection(SolutionConfigurationPlatforms) = preSolution
		Debug|Any CPU = Debug|Any CPU
		Release|Any CPU = Release|Any CPU
	EndGlobalSection
	GlobalSection(ProjectConfigurationPlatforms) = postSolution
		{C055E26F-1B7F-4588-BE0F-1038F60B1839}.Debug|Any CPU.ActiveCfg = Debug|Any CPU
		{C055E26F-1B7F-4588-BE0F-1038F60B1839}.Debug|Any CPU.Build.0 = Debug|Any CPU
		{C055E26F-1B7F-4588-BE0F-1038F60B1839}.Release|Any CPU.ActiveCfg = Release|Any CPU
		{C055E26F-1B7F-4588-BE0F-1038F60B1839}.Release|Any CPU.Build.0 = Release|Any CPU
		{6964B321-A5F2-4E89-8AE6-D2FC2C139FC8}.Debug|Any CPU.ActiveCfg = Debug|Any CPU
		{6964B321-A5F2-4E89-8AE6-D2FC2C139FC8}.Debug|Any CPU.Build.0 = Debug|Any CPU
		{6964B321-A5F2-4E89-8AE6-D2FC2C139FC8}.Release|Any CPU.ActiveCfg = Release|Any CPU
		{6964B321-A5F2-4E89-8AE6-D2FC2C139FC8}.Release|Any CPU.Build.0 = Release|Any CPU
		{8FEE9882-6656-48E6-8F59-721E10170108}.Debug|Any CPU.ActiveCfg = Debug|Any CPU
		{8FEE9882-6656-48E6-8F59-721E10170108}.Debug|Any CPU.Build.0 = Debug|Any CPU
		{8FEE9882-6656-48E6-8F59-721E10170108}.Release|Any CPU.ActiveCfg = Release|Any CPU
		{8FEE9882-6656-48E6-8F59-721E10170108}.Release|Any CPU.Build.0 = Release|Any CPU
		{3B083126-DCA7-4970-BFDF-331D69BC33B7}.Debug|Any CPU.ActiveCfg = Debug|Any CPU
		{3B083126-DCA7-4970-BFDF-331D69BC33B7}.Debug|Any CPU.Build.0 = Debug|Any CPU
		{3B083126-DCA7-4970-BFDF-331D69BC33B7}.Release|Any CPU.ActiveCfg = Release|Any CPU
		{3B083126-DCA7-4970-BFDF-331D69BC33B7}.Release|Any CPU.Build.0 = Release|Any CPU
		{FB56F3BC-509F-487E-840F-6259CC9334AA}.Debug|Any CPU.ActiveCfg = Debug|Any CPU
		{FB56F3BC-509F-487E-840F-6259CC9334AA}.Debug|Any CPU.Build.0 = Debug|Any CPU
		{FB56F3BC-509F-487E-840F-6259CC9334AA}.Release|Any CPU.ActiveCfg = Release|Any CPU
		{FB56F3BC-509F-487E-840F-6259CC9334AA}.Release|Any CPU.Build.0 = Release|Any CPU
	EndGlobalSection
	GlobalSection(SolutionProperties) = preSolution
		HideSolutionNode = FALSE
	EndGlobalSection
	GlobalSection(ExtensibilityGlobals) = postSolution
		SolutionGuid = {AB502D0C-8BAA-4A5F-BADE-5A3372E8EABA}
	EndGlobalSection
EndGlobal
